{
    "name": "iot-device-sdk-react",
    "version": "0.0.1-beta.6",
    "lockfileVersion": 2,
    "requires": true,
    "packages": {
        "": {
            "name": "iot-device-sdk-react",
            "version": "0.0.1-beta.6",
            "license": "UNLICENSED",
            "dependencies": {
                "lodash": "^4.17.21"
            },
            "devDependencies": {
                "husky": "^8.0.1"
            },
            "engines": {
                "node": ">=12.0.0"
            }
        },
        "node_modules/husky": {
            "version": "8.0.1",
            "resolved": "https://registry.npmjs.org/husky/-/husky-8.0.1.tgz",
            "integrity": "sha512-xs7/chUH/CKdOCs7Zy0Aev9e/dKOMZf3K1Az1nar3tzlv0jfqnYtu235bstsWTmXOR0EfINrPa97yy4Lz6RiKw==",
            "dev": true,
            "bin": {
                "husky": "lib/bin.js"
            },
            "engines": {
                "node": ">=14"
            },
            "funding": {
                "url": "https://github.com/sponsors/typicode"
            }
        },
        "node_modules/lodash": {
            "version": "4.17.21",
            "resolved": "https://registry.npmjs.org/lodash/-/lodash-4.17.21.tgz",
            "integrity": "sha512-v2kDEe57lecTulaDIuNTPy3Ry4gLGJ6Z1O3vE1krgXZNrsQ+LFTGHVxVjcXPs17LhbZVGedAJv8XZ1tvj5FvSg=="
        }
    },
    "dependencies": {
        "husky": {
            "version": "8.0.1",
            "resolved": "https://registry.npmjs.org/husky/-/husky-8.0.1.tgz",
            "integrity": "sha512-xs7/chUH/CKdOCs7Zy0Aev9e/dKOMZf3K1Az1nar3tzlv0jfqnYtu235bstsWTmXOR0EfINrPa97yy4Lz6RiKw==",
            "dev": true
        },
        "lodash": {
            "version": "4.17.21",
            "resolved": "https://registry.npmjs.org/lodash/-/lodash-4.17.21.tgz",
            "integrity": "sha512-v2kDEe57lecTulaDIuNTPy3Ry4gLGJ6Z1O3vE1krgXZNrsQ+LFTGHVxVjcXPs17LhbZVGedAJv8XZ1tvj5FvSg=="
        }
    }
}
